// !$*UTF8*$!
{
	archiveVersion = 1;
	classes = {
	};
	objectVersion = 56;
	objects = {

/* Begin PBXBuildFile section */
		900520292A1D948400591AAF /* AppDelegate.swift in Sources */ = {isa = PBXBuildFile; fileRef = 900520282A1D948400591AAF /* AppDelegate.swift */; };
		9005202B2A1D948400591AAF /* SceneDelegate.swift in Sources */ = {isa = PBXBuildFile; fileRef = 9005202A2A1D948400591AAF /* SceneDelegate.swift */; };
		9005202D2A1D948400591AAF /* ViewController.swift in Sources */ = {isa = PBXBuildFile; fileRef = 9005202C2A1D948400591AAF /* ViewController.swift */; };
		900520302A1D948400591AAF /* Main.storyboard in Resources */ = {isa = PBXBuildFile; fileRef = 9005202E2A1D948400591AAF /* Main.storyboard */; };
		900520322A1D948800591AAF /* Assets.xcassets in Resources */ = {isa = PBXBuildFile; fileRef = 900520312A1D948800591AAF /* Assets.xcassets */; };
		900520352A1D948800591AAF /* LaunchScreen.storyboard in Resources */ = {isa = PBXBuildFile; fileRef = 900520332A1D948800591AAF /* LaunchScreen.storyboard */; };
		900520402A1D948900591AAF /* LearningTests.swift in Sources */ = {isa = PBXBuildFile; fileRef = 9005203F2A1D948900591AAF /* LearningTests.swift */; };
		9005204A2A1D948900591AAF /* LearningUITests.swift in Sources */ = {isa = PBXBuildFile; fileRef = 900520492A1D948900591AAF /* LearningUITests.swift */; };
		9005204C2A1D948900591AAF /* LearningUITestsLaunchTests.swift in Sources */ = {isa = PBXBuildFile; fileRef = 9005204B2A1D948900591AAF /* LearningUITestsLaunchTests.swift */; };
		9005205F2A21190300591AAF /* HomeViewController.swift in Sources */ = {isa = PBXBuildFile; fileRef = 9005205D2A21190300591AAF /* HomeViewController.swift */; };
		900520602A21190300591AAF /* HomeViewController.xib in Resources */ = {isa = PBXBuildFile; fileRef = 9005205E2A21190300591AAF /* HomeViewController.xib */; };
		904FCDAF2A4BCDFF00B498EE /* ObjectMapper in Frameworks */ = {isa = PBXBuildFile; productRef = 904FCDAE2A4BCDFF00B498EE /* ObjectMapper */; };
		904FCDB42A4BCE7200B498EE /* FirebaseFirestore in Frameworks */ = {isa = PBXBuildFile; productRef = 904FCDB32A4BCE7200B498EE /* FirebaseFirestore */; };
		904FCDB62A4BCE8500B498EE /* FirebaseAuth in Frameworks */ = {isa = PBXBuildFile; productRef = 904FCDB52A4BCE8500B498EE /* FirebaseAuth */; };
		904FCDB82A4BCE9500B498EE /* FirebaseDatabaseSwift in Frameworks */ = {isa = PBXBuildFile; productRef = 904FCDB72A4BCE9500B498EE /* FirebaseDatabaseSwift */; };
		90AEAB812A36A11100C127FE /* Strings.swift in Sources */ = {isa = PBXBuildFile; fileRef = 90AEAB802A36A11100C127FE /* Strings.swift */; };
		90EF68B02A5E3A1A008592F5 /* SignUpViewController.swift in Sources */ = {isa = PBXBuildFile; fileRef = 90EF68AE2A5E3A1A008592F5 /* SignUpViewController.swift */; };
		90EF68B12A5E3A1A008592F5 /* SignUpViewController.xib in Resources */ = {isa = PBXBuildFile; fileRef = 90EF68AF2A5E3A1A008592F5 /* SignUpViewController.xib */; };
		90EF68B42A5E3A58008592F5 /* SignUpRouter.swift in Sources */ = {isa = PBXBuildFile; fileRef = 90EF68B32A5E3A58008592F5 /* SignUpRouter.swift */; };
/* End PBXBuildFile section */

/* Begin PBXContainerItemProxy section */
		9005203C2A1D948900591AAF /* PBXContainerItemProxy */ = {
			isa = PBXContainerItemProxy;
			containerPortal = 9005201D2A1D948300591AAF /* Project object */;
			proxyType = 1;
			remoteGlobalIDString = 900520242A1D948400591AAF;
			remoteInfo = Learning;
		};
		900520462A1D948900591AAF /* PBXContainerItemProxy */ = {
			isa = PBXContainerItemProxy;
			containerPortal = 9005201D2A1D948300591AAF /* Project object */;
			proxyType = 1;
			remoteGlobalIDString = 900520242A1D948400591AAF;
			remoteInfo = Learning;
		};
/* End PBXContainerItemProxy section */

/* Begin PBXFileReference section */
		900520252A1D948400591AAF /* Learning.app */ = {isa = PBXFileReference; explicitFileType = wrapper.application; includeInIndex = 0; path = Learning.app; sourceTree = BUILT_PRODUCTS_DIR; };
		900520282A1D948400591AAF /* AppDelegate.swift */ = {isa = PBXFileReference; lastKnownFileType = sourcecode.swift; path = AppDelegate.swift; sourceTree = "<group>"; };
		9005202A2A1D948400591AAF /* SceneDelegate.swift */ = {isa = PBXFileReference; lastKnownFileType = sourcecode.swift; path = SceneDelegate.swift; sourceTree = "<group>"; };
		9005202C2A1D948400591AAF /* ViewController.swift */ = {isa = PBXFileReference; lastKnownFileType = sourcecode.swift; path = ViewController.swift; sourceTree = "<group>"; };
		9005202F2A1D948400591AAF /* Base */ = {isa = PBXFileReference; lastKnownFileType = file.storyboard; name = Base; path = Base.lproj/Main.storyboard; sourceTree = "<group>"; };
		900520312A1D948800591AAF /* Assets.xcassets */ = {isa = PBXFileReference; lastKnownFileType = folder.assetcatalog; path = Assets.xcassets; sourceTree = "<group>"; };
		900520342A1D948800591AAF /* Base */ = {isa = PBXFileReference; lastKnownFileType = file.storyboard; name = Base; path = Base.lproj/LaunchScreen.storyboard; sourceTree = "<group>"; };
		900520362A1D948800591AAF /* Info.plist */ = {isa = PBXFileReference; lastKnownFileType = text.plist.xml; path = Info.plist; sourceTree = "<group>"; };
		9005203B2A1D948900591AAF /* LearningTests.xctest */ = {isa = PBXFileReference; explicitFileType = wrapper.cfbundle; includeInIndex = 0; path = LearningTests.xctest; sourceTree = BUILT_PRODUCTS_DIR; };
		9005203F2A1D948900591AAF /* LearningTests.swift */ = {isa = PBXFileReference; lastKnownFileType = sourcecode.swift; path = LearningTests.swift; sourceTree = "<group>"; };
		900520452A1D948900591AAF /* LearningUITests.xctest */ = {isa = PBXFileReference; explicitFileType = wrapper.cfbundle; includeInIndex = 0; path = LearningUITests.xctest; sourceTree = BUILT_PRODUCTS_DIR; };
		900520492A1D948900591AAF /* LearningUITests.swift */ = {isa = PBXFileReference; lastKnownFileType = sourcecode.swift; path = LearningUITests.swift; sourceTree = "<group>"; };
		9005204B2A1D948900591AAF /* LearningUITestsLaunchTests.swift */ = {isa = PBXFileReference; lastKnownFileType = sourcecode.swift; path = LearningUITestsLaunchTests.swift; sourceTree = "<group>"; };
		9005205D2A21190300591AAF /* HomeViewController.swift */ = {isa = PBXFileReference; lastKnownFileType = sourcecode.swift; path = HomeViewController.swift; sourceTree = "<group>"; };
		9005205E2A21190300591AAF /* HomeViewController.xib */ = {isa = PBXFileReference; lastKnownFileType = file.xib; path = HomeViewController.xib; sourceTree = "<group>"; };
		904FCDB12A4BCE3600B498EE /* learning */ = {isa = PBXFileReference; lastKnownFileType = folder; path = learning; sourceTree = "<group>"; };
		90AEAB802A36A11100C127FE /* Strings.swift */ = {isa = PBXFileReference; lastKnownFileType = sourcecode.swift; path = Strings.swift; sourceTree = "<group>"; };
		90EF68AE2A5E3A1A008592F5 /* SignUpViewController.swift */ = {isa = PBXFileReference; lastKnownFileType = sourcecode.swift; path = SignUpViewController.swift; sourceTree = "<group>"; };
		90EF68AF2A5E3A1A008592F5 /* SignUpViewController.xib */ = {isa = PBXFileReference; lastKnownFileType = file.xib; path = SignUpViewController.xib; sourceTree = "<group>"; };
		90EF68B32A5E3A58008592F5 /* SignUpRouter.swift */ = {isa = PBXFileReference; lastKnownFileType = sourcecode.swift; path = SignUpRouter.swift; sourceTree = "<group>"; };
/* End PBXFileReference section */

/* Begin PBXFrameworksBuildPhase section */
		900520222A1D948400591AAF /* Frameworks */ = {
			isa = PBXFrameworksBuildPhase;
			buildActionMask = 2147483647;
			files = (
				904FCDB82A4BCE9500B498EE /* FirebaseDatabaseSwift in Frameworks */,
				904FCDAF2A4BCDFF00B498EE /* ObjectMapper in Frameworks */,
				904FCDB62A4BCE8500B498EE /* FirebaseAuth in Frameworks */,
				904FCDB42A4BCE7200B498EE /* FirebaseFirestore in Frameworks */,
			);
			runOnlyForDeploymentPostprocessing = 0;
		};
		900520382A1D948900591AAF /* Frameworks */ = {
			isa = PBXFrameworksBuildPhase;
			buildActionMask = 2147483647;
			files = (
			);
			runOnlyForDeploymentPostprocessing = 0;
		};
		900520422A1D948900591AAF /* Frameworks */ = {
			isa = PBXFrameworksBuildPhase;
			buildActionMask = 2147483647;
			files = (
			);
			runOnlyForDeploymentPostprocessing = 0;
		};
/* End PBXFrameworksBuildPhase section */

/* Begin PBXGroup section */
		9005201C2A1D948300591AAF = {
			isa = PBXGroup;
			children = (
				904FCDB02A4BCE3600B498EE /* Packages */,
				900520272A1D948400591AAF /* Learning */,
				9005203E2A1D948900591AAF /* LearningTests */,
				900520482A1D948900591AAF /* LearningUITests */,
				900520262A1D948400591AAF /* Products */,
				904FCDB22A4BCE7200B498EE /* Frameworks */,
			);
			sourceTree = "<group>";
		};
		900520262A1D948400591AAF /* Products */ = {
			isa = PBXGroup;
			children = (
				900520252A1D948400591AAF /* Learning.app */,
				9005203B2A1D948900591AAF /* LearningTests.xctest */,
				900520452A1D948900591AAF /* LearningUITests.xctest */,
			);
			name = Products;
			sourceTree = "<group>";
		};
		900520272A1D948400591AAF /* Learning */ = {
			isa = PBXGroup;
			children = (
				90AEAB7F2A36A0D800C127FE /* Commons */,
				9005205A2A2118AD00591AAF /* Modules */,
				900520282A1D948400591AAF /* AppDelegate.swift */,
				9005202A2A1D948400591AAF /* SceneDelegate.swift */,
				9005202C2A1D948400591AAF /* ViewController.swift */,
				9005202E2A1D948400591AAF /* Main.storyboard */,
				900520312A1D948800591AAF /* Assets.xcassets */,
				900520332A1D948800591AAF /* LaunchScreen.storyboard */,
				900520362A1D948800591AAF /* Info.plist */,
			);
			path = Learning;
			sourceTree = "<group>";
		};
		9005203E2A1D948900591AAF /* LearningTests */ = {
			isa = PBXGroup;
			children = (
				9005203F2A1D948900591AAF /* LearningTests.swift */,
			);
			path = LearningTests;
			sourceTree = "<group>";
		};
		900520482A1D948900591AAF /* LearningUITests */ = {
			isa = PBXGroup;
			children = (
				900520492A1D948900591AAF /* LearningUITests.swift */,
				9005204B2A1D948900591AAF /* LearningUITestsLaunchTests.swift */,
			);
			path = LearningUITests;
			sourceTree = "<group>";
		};
		9005205A2A2118AD00591AAF /* Modules */ = {
			isa = PBXGroup;
			children = (
				90EF68AA2A5E393B008592F5 /* SignUp */,
				9005205B2A2118C000591AAF /* Home */,
			);
			path = Modules;
			sourceTree = "<group>";
		};
		9005205B2A2118C000591AAF /* Home */ = {
			isa = PBXGroup;
			children = (
				9005205C2A2118E200591AAF /* View */,
			);
			path = Home;
			sourceTree = "<group>";
		};
		9005205C2A2118E200591AAF /* View */ = {
			isa = PBXGroup;
			children = (
				9005205D2A21190300591AAF /* HomeViewController.swift */,
				9005205E2A21190300591AAF /* HomeViewController.xib */,
			);
			path = View;
			sourceTree = "<group>";
		};
		904FCDB02A4BCE3600B498EE /* Packages */ = {
			isa = PBXGroup;
			children = (
				904FCDB12A4BCE3600B498EE /* learning */,
			);
			name = Packages;
			sourceTree = "<group>";
		};
		904FCDB22A4BCE7200B498EE /* Frameworks */ = {
			isa = PBXGroup;
			children = (
			);
			name = Frameworks;
			sourceTree = "<group>";
		};
		90AEAB7F2A36A0D800C127FE /* Commons */ = {
			isa = PBXGroup;
			children = (
				90AEAB802A36A11100C127FE /* Strings.swift */,
			);
			path = Commons;
			sourceTree = "<group>";
		};
		90EF68AA2A5E393B008592F5 /* SignUp */ = {
			isa = PBXGroup;
			children = (
				90EF68B22A5E3A2A008592F5 /* Router */,
				90EF68AD2A5E39E3008592F5 /* Model */,
				90EF68AC2A5E39C9008592F5 /* ViewModel */,
				90EF68AB2A5E397B008592F5 /* View */,
			);
			path = SignUp;
			sourceTree = "<group>";
		};
		90EF68AB2A5E397B008592F5 /* View */ = {
			isa = PBXGroup;
			children = (
				90EF68AE2A5E3A1A008592F5 /* SignUpViewController.swift */,
				90EF68AF2A5E3A1A008592F5 /* SignUpViewController.xib */,
			);
			path = View;
			sourceTree = "<group>";
		};
		90EF68AC2A5E39C9008592F5 /* ViewModel */ = {
			isa = PBXGroup;
			children = (
			);
			path = ViewModel;
			sourceTree = "<group>";
		};
		90EF68AD2A5E39E3008592F5 /* Model */ = {
			isa = PBXGroup;
			children = (
			);
			path = Model;
			sourceTree = "<group>";
		};
		90EF68B22A5E3A2A008592F5 /* Router */ = {
			isa = PBXGroup;
			children = (
				90EF68B32A5E3A58008592F5 /* SignUpRouter.swift */,
			);
			path = Router;
			sourceTree = "<group>";
		};
/* End PBXGroup section */

/* Begin PBXNativeTarget section */
		900520242A1D948400591AAF /* Learning */ = {
			isa = PBXNativeTarget;
			buildConfigurationList = 9005204F2A1D948900591AAF /* Build configuration list for PBXNativeTarget "Learning" */;
			buildPhases = (
				900520212A1D948400591AAF /* Sources */,
				900520222A1D948400591AAF /* Frameworks */,
				900520232A1D948400591AAF /* Resources */,
			);
			buildRules = (
			);
			dependencies = (
			);
			name = Learning;
			packageProductDependencies = (
				904FCDAE2A4BCDFF00B498EE /* ObjectMapper */,
				904FCDB32A4BCE7200B498EE /* FirebaseFirestore */,
				904FCDB52A4BCE8500B498EE /* FirebaseAuth */,
				904FCDB72A4BCE9500B498EE /* FirebaseDatabaseSwift */,
			);
			productName = Learning;
			productReference = 900520252A1D948400591AAF /* Learning.app */;
			productType = "com.apple.product-type.application";
		};
		9005203A2A1D948900591AAF /* LearningTests */ = {
			isa = PBXNativeTarget;
			buildConfigurationList = 900520522A1D948900591AAF /* Build configuration list for PBXNativeTarget "LearningTests" */;
			buildPhases = (
				900520372A1D948900591AAF /* Sources */,
				900520382A1D948900591AAF /* Frameworks */,
				900520392A1D948900591AAF /* Resources */,
			);
			buildRules = (
			);
			dependencies = (
				9005203D2A1D948900591AAF /* PBXTargetDependency */,
			);
			name = LearningTests;
			productName = LearningTests;
			productReference = 9005203B2A1D948900591AAF /* LearningTests.xctest */;
			productType = "com.apple.product-type.bundle.unit-test";
		};
		900520442A1D948900591AAF /* LearningUITests */ = {
			isa = PBXNativeTarget;
			buildConfigurationList = 900520552A1D948900591AAF /* Build configuration list for PBXNativeTarget "LearningUITests" */;
			buildPhases = (
				900520412A1D948900591AAF /* Sources */,
				900520422A1D948900591AAF /* Frameworks */,
				900520432A1D948900591AAF /* Resources */,
			);
			buildRules = (
			);
			dependencies = (
				900520472A1D948900591AAF /* PBXTargetDependency */,
			);
			name = LearningUITests;
			productName = LearningUITests;
			productReference = 900520452A1D948900591AAF /* LearningUITests.xctest */;
			productType = "com.apple.product-type.bundle.ui-testing";
		};
/* End PBXNativeTarget section */

/* Begin PBXProject section */
		9005201D2A1D948300591AAF /* Project object */ = {
			isa = PBXProject;
			attributes = {
				BuildIndependentTargetsInParallel = 1;
				LastSwiftUpdateCheck = 1430;
				LastUpgradeCheck = 1430;
				TargetAttributes = {
					900520242A1D948400591AAF = {
						CreatedOnToolsVersion = 14.3;
					};
					9005203A2A1D948900591AAF = {
						CreatedOnToolsVersion = 14.3;
						TestTargetID = 900520242A1D948400591AAF;
					};
					900520442A1D948900591AAF = {
						CreatedOnToolsVersion = 14.3;
						TestTargetID = 900520242A1D948400591AAF;
					};
				};
			};
			buildConfigurationList = 900520202A1D948400591AAF /* Build configuration list for PBXProject "Learning" */;
			compatibilityVersion = "Xcode 14.0";
			developmentRegion = en;
			hasScannedForEncodings = 0;
			knownRegions = (
				en,
				Base,
			);
			mainGroup = 9005201C2A1D948300591AAF;
			packageReferences = (
				90F8D9762A427EA800F698C4 /* XCRemoteSwiftPackageReference "firebase-ios-sdk" */,
				904FCDAD2A4BCDFF00B498EE /* XCRemoteSwiftPackageReference "ObjectMapper" */,
			);
			productRefGroup = 900520262A1D948400591AAF /* Products */;
			projectDirPath = "";
			projectRoot = "";
			targets = (
				900520242A1D948400591AAF /* Learning */,
				9005203A2A1D948900591AAF /* LearningTests */,
				900520442A1D948900591AAF /* LearningUITests */,
			);
		};
/* End PBXProject section */

/* Begin PBXResourcesBuildPhase section */
		900520232A1D948400591AAF /* Resources */ = {
			isa = PBXResourcesBuildPhase;
			buildActionMask = 2147483647;
			files = (
				90EF68B12A5E3A1A008592F5 /* SignUpViewController.xib in Resources */,
				900520352A1D948800591AAF /* LaunchScreen.storyboard in Resources */,
				900520322A1D948800591AAF /* Assets.xcassets in Resources */,
				900520302A1D948400591AAF /* Main.storyboard in Resources */,
				900520602A21190300591AAF /* HomeViewController.xib in Resources */,
			);
			runOnlyForDeploymentPostprocessing = 0;
		};
		900520392A1D948900591AAF /* Resources */ = {
			isa = PBXResourcesBuildPhase;
			buildActionMask = 2147483647;
			files = (
			);
			runOnlyForDeploymentPostprocessing = 0;
		};
		900520432A1D948900591AAF /* Resources */ = {
			isa = PBXResourcesBuildPhase;
			buildActionMask = 2147483647;
			files = (
			);
			runOnlyForDeploymentPostprocessing = 0;
		};
/* End PBXResourcesBuildPhase section */

/* Begin PBXSourcesBuildPhase section */
		900520212A1D948400591AAF /* Sources */ = {
			isa = PBXSourcesBuildPhase;
			buildActionMask = 2147483647;
			files = (
				90EF68B02A5E3A1A008592F5 /* SignUpViewController.swift in Sources */,
				9005202D2A1D948400591AAF /* ViewController.swift in Sources */,
				90EF68B42A5E3A58008592F5 /* SignUpRouter.swift in Sources */,
				900520292A1D948400591AAF /* AppDelegate.swift in Sources */,
				90AEAB812A36A11100C127FE /* Strings.swift in Sources */,
				9005202B2A1D948400591AAF /* SceneDelegate.swift in Sources */,
				9005205F2A21190300591AAF /* HomeViewController.swift in Sources */,
			);
			runOnlyForDeploymentPostprocessing = 0;
		};
		900520372A1D948900591AAF /* Sources */ = {
			isa = PBXSourcesBuildPhase;
			buildActionMask = 2147483647;
			files = (
				900520402A1D948900591AAF /* LearningTests.swift in Sources */,
			);
			runOnlyForDeploymentPostprocessing = 0;
		};
		900520412A1D948900591AAF /* Sources */ = {
			isa = PBXSourcesBuildPhase;
			buildActionMask = 2147483647;
			files = (
				9005204C2A1D948900591AAF /* LearningUITestsLaunchTests.swift in Sources */,
				9005204A2A1D948900591AAF /* LearningUITests.swift in Sources */,
			);
			runOnlyForDeploymentPostprocessing = 0;
		};
/* End PBXSourcesBuildPhase section */

/* Begin PBXTargetDependency section */
		9005203D2A1D948900591AAF /* PBXTargetDependency */ = {
			isa = PBXTargetDependency;
			target = 900520242A1D948400591AAF /* Learning */;
			targetProxy = 9005203C2A1D948900591AAF /* PBXContainerItemProxy */;
		};
		900520472A1D948900591AAF /* PBXTargetDependency */ = {
			isa = PBXTargetDependency;
			target = 900520242A1D948400591AAF /* Learning */;
			targetProxy = 900520462A1D948900591AAF /* PBXContainerItemProxy */;
		};
/* End PBXTargetDependency section */

/* Begin PBXVariantGroup section */
		9005202E2A1D948400591AAF /* Main.storyboard */ = {
			isa = PBXVariantGroup;
			children = (
				9005202F2A1D948400591AAF /* Base */,
			);
			name = Main.storyboard;
			sourceTree = "<group>";
		};
		900520332A1D948800591AAF /* LaunchScreen.storyboard */ = {
			isa = PBXVariantGroup;
			children = (
				900520342A1D948800591AAF /* Base */,
			);
			name = LaunchScreen.storyboard;
			sourceTree = "<group>";
		};
/* End PBXVariantGroup section */

/* Begin XCBuildConfiguration section */
		9005204D2A1D948900591AAF /* Debug */ = {
			isa = XCBuildConfiguration;
			buildSettings = {
				ALWAYS_SEARCH_USER_PATHS = NO;
				CLANG_ANALYZER_NONNULL = YES;
				CLANG_ANALYZER_NUMBER_OBJECT_CONVERSION = YES_AGGRESSIVE;
				CLANG_CXX_LANGUAGE_STANDARD = "gnu++20";
				CLANG_ENABLE_MODULES = YES;
				CLANG_ENABLE_OBJC_ARC = YES;
				CLANG_ENABLE_OBJC_WEAK = YES;
				CLANG_WARN_BLOCK_CAPTURE_AUTORELEASING = YES;
				CLANG_WARN_BOOL_CONVERSION = YES;
				CLANG_WARN_COMMA = YES;
				CLANG_WARN_CONSTANT_CONVERSION = YES;
				CLANG_WARN_DEPRECATED_OBJC_IMPLEMENTATIONS = YES;
				CLANG_WARN_DIRECT_OBJC_ISA_USAGE = YES_ERROR;
				CLANG_WARN_DOCUMENTATION_COMMENTS = YES;
				CLANG_WARN_EMPTY_BODY = YES;
				CLANG_WARN_ENUM_CONVERSION = YES;
				CLANG_WARN_INFINITE_RECURSION = YES;
				CLANG_WARN_INT_CONVERSION = YES;
				CLANG_WARN_NON_LITERAL_NULL_CONVERSION = YES;
				CLANG_WARN_OBJC_IMPLICIT_RETAIN_SELF = YES;
				CLANG_WARN_OBJC_LITERAL_CONVERSION = YES;
				CLANG_WARN_OBJC_ROOT_CLASS = YES_ERROR;
				CLANG_WARN_QUOTED_INCLUDE_IN_FRAMEWORK_HEADER = YES;
				CLANG_WARN_RANGE_LOOP_ANALYSIS = YES;
				CLANG_WARN_STRICT_PROTOTYPES = YES;
				CLANG_WARN_SUSPICIOUS_MOVE = YES;
				CLANG_WARN_UNGUARDED_AVAILABILITY = YES_AGGRESSIVE;
				CLANG_WARN_UNREACHABLE_CODE = YES;
				CLANG_WARN__DUPLICATE_METHOD_MATCH = YES;
				COPY_PHASE_STRIP = NO;
				DEBUG_INFORMATION_FORMAT = dwarf;
				ENABLE_STRICT_OBJC_MSGSEND = YES;
				ENABLE_TESTABILITY = YES;
				GCC_C_LANGUAGE_STANDARD = gnu11;
				GCC_DYNAMIC_NO_PIC = NO;
				GCC_NO_COMMON_BLOCKS = YES;
				GCC_OPTIMIZATION_LEVEL = 0;
				GCC_PREPROCESSOR_DEFINITIONS = (
					"DEBUG=1",
					"$(inherited)",
				);
				GCC_WARN_64_TO_32_BIT_CONVERSION = YES;
				GCC_WARN_ABOUT_RETURN_TYPE = YES_ERROR;
				GCC_WARN_UNDECLARED_SELECTOR = YES;
				GCC_WARN_UNINITIALIZED_AUTOS = YES_AGGRESSIVE;
				GCC_WARN_UNUSED_FUNCTION = YES;
				GCC_WARN_UNUSED_VARIABLE = YES;
				IPHONEOS_DEPLOYMENT_TARGET = 16.4;
				MTL_ENABLE_DEBUG_INFO = INCLUDE_SOURCE;
				MTL_FAST_MATH = YES;
				ONLY_ACTIVE_ARCH = YES;
				SDKROOT = iphoneos;
				SWIFT_ACTIVE_COMPILATION_CONDITIONS = DEBUG;
				SWIFT_OPTIMIZATION_LEVEL = "-Onone";
			};
			name = Debug;
		};
		9005204E2A1D948900591AAF /* Release */ = {
			isa = XCBuildConfiguration;
			buildSettings = {
				ALWAYS_SEARCH_USER_PATHS = NO;
				CLANG_ANALYZER_NONNULL = YES;
				CLANG_ANALYZER_NUMBER_OBJECT_CONVERSION = YES_AGGRESSIVE;
				CLANG_CXX_LANGUAGE_STANDARD = "gnu++20";
				CLANG_ENABLE_MODULES = YES;
				CLANG_ENABLE_OBJC_ARC = YES;
				CLANG_ENABLE_OBJC_WEAK = YES;
				CLANG_WARN_BLOCK_CAPTURE_AUTORELEASING = YES;
				CLANG_WARN_BOOL_CONVERSION = YES;
				CLANG_WARN_COMMA = YES;
				CLANG_WARN_CONSTANT_CONVERSION = YES;
				CLANG_WARN_DEPRECATED_OBJC_IMPLEMENTATIONS = YES;
				CLANG_WARN_DIRECT_OBJC_ISA_USAGE = YES_ERROR;
				CLANG_WARN_DOCUMENTATION_COMMENTS = YES;
				CLANG_WARN_EMPTY_BODY = YES;
				CLANG_WARN_ENUM_CONVERSION = YES;
				CLANG_WARN_INFINITE_RECURSION = YES;
				CLANG_WARN_INT_CONVERSION = YES;
				CLANG_WARN_NON_LITERAL_NULL_CONVERSION = YES;
				CLANG_WARN_OBJC_IMPLICIT_RETAIN_SELF = YES;
				CLANG_WARN_OBJC_LITERAL_CONVERSION = YES;
				CLANG_WARN_OBJC_ROOT_CLASS = YES_ERROR;
				CLANG_WARN_QUOTED_INCLUDE_IN_FRAMEWORK_HEADER = YES;
				CLANG_WARN_RANGE_LOOP_ANALYSIS = YES;
				CLANG_WARN_STRICT_PROTOTYPES = YES;
				CLANG_WARN_SUSPICIOUS_MOVE = YES;
				CLANG_WARN_UNGUARDED_AVAILABILITY = YES_AGGRESSIVE;
				CLANG_WARN_UNREACHABLE_CODE = YES;
				CLANG_WARN__DUPLICATE_METHOD_MATCH = YES;
				COPY_PHASE_STRIP = NO;
				DEBUG_INFORMATION_FORMAT = "dwarf-with-dsym";
				ENABLE_NS_ASSERTIONS = NO;
				ENABLE_STRICT_OBJC_MSGSEND = YES;
				GCC_C_LANGUAGE_STANDARD = gnu11;
				GCC_NO_COMMON_BLOCKS = YES;
				GCC_WARN_64_TO_32_BIT_CONVERSION = YES;
				GCC_WARN_ABOUT_RETURN_TYPE = YES_ERROR;
				GCC_WARN_UNDECLARED_SELECTOR = YES;
				GCC_WARN_UNINITIALIZED_AUTOS = YES_AGGRESSIVE;
				GCC_WARN_UNUSED_FUNCTION = YES;
				GCC_WARN_UNUSED_VARIABLE = YES;
				IPHONEOS_DEPLOYMENT_TARGET = 16.4;
				MTL_ENABLE_DEBUG_INFO = NO;
				MTL_FAST_MATH = YES;
				SDKROOT = iphoneos;
				SWIFT_COMPILATION_MODE = wholemodule;
				SWIFT_OPTIMIZATION_LEVEL = "-O";
				VALIDATE_PRODUCT = YES;
			};
			name = Release;
		};
		900520502A1D948900591AAF /* Debug */ = {
			isa = XCBuildConfiguration;
			buildSettings = {
				ASSETCATALOG_COMPILER_APPICON_NAME = AppIcon;
				ASSETCATALOG_COMPILER_GLOBAL_ACCENT_COLOR_NAME = AccentColor;
				CODE_SIGN_STYLE = Automatic;
				CURRENT_PROJECT_VERSION = 1;
				DEVELOPMENT_TEAM = PXTD6TNRX2;
				GENERATE_INFOPLIST_FILE = YES;
				INFOPLIST_FILE = Learning/Info.plist;
				INFOPLIST_KEY_UIApplicationSupportsIndirectInputEvents = YES;
				INFOPLIST_KEY_UILaunchStoryboardName = LaunchScreen;
				INFOPLIST_KEY_UIMainStoryboardFile = Main;
				INFOPLIST_KEY_UISupportedInterfaceOrientations_iPad = "UIInterfaceOrientationPortrait UIInterfaceOrientationPortraitUpsideDown UIInterfaceOrientationLandscapeLeft UIInterfaceOrientationLandscapeRight";
				INFOPLIST_KEY_UISupportedInterfaceOrientations_iPhone = "UIInterfaceOrientationPortrait UIInterfaceOrientationLandscapeLeft UIInterfaceOrientationLandscapeRight";
				LD_RUNPATH_SEARCH_PATHS = (
					"$(inherited)",
					"@executable_path/Frameworks",
				);
				MARKETING_VERSION = 1.0;
				PRODUCT_BUNDLE_IDENTIFIER = BlueBerry.Learning;
				PRODUCT_NAME = "$(TARGET_NAME)";
				SWIFT_EMIT_LOC_STRINGS = YES;
				SWIFT_VERSION = 5.0;
				TARGETED_DEVICE_FAMILY = "1,2";
			};
			name = Debug;
		};
		900520512A1D948900591AAF /* Release */ = {
			isa = XCBuildConfiguration;
			buildSettings = {
				ASSETCATALOG_COMPILER_APPICON_NAME = AppIcon;
				ASSETCATALOG_COMPILER_GLOBAL_ACCENT_COLOR_NAME = AccentColor;
				CODE_SIGN_STYLE = Automatic;
				CURRENT_PROJECT_VERSION = 1;
				DEVELOPMENT_TEAM = PXTD6TNRX2;
				GENERATE_INFOPLIST_FILE = YES;
				INFOPLIST_FILE = Learning/Info.plist;
				INFOPLIST_KEY_UIApplicationSupportsIndirectInputEvents = YES;
				INFOPLIST_KEY_UILaunchStoryboardName = LaunchScreen;
				INFOPLIST_KEY_UIMainStoryboardFile = Main;
				INFOPLIST_KEY_UISupportedInterfaceOrientations_iPad = "UIInterfaceOrientationPortrait UIInterfaceOrientationPortraitUpsideDown UIInterfaceOrientationLandscapeLeft UIInterfaceOrientationLandscapeRight";
				INFOPLIST_KEY_UISupportedInterfaceOrientations_iPhone = "UIInterfaceOrientationPortrait UIInterfaceOrientationLandscapeLeft UIInterfaceOrientationLandscapeRight";
				LD_RUNPATH_SEARCH_PATHS = (
					"$(inherited)",
					"@executable_path/Frameworks",
				);
				MARKETING_VERSION = 1.0;
				PRODUCT_BUNDLE_IDENTIFIER = BlueBerry.Learning;
				PRODUCT_NAME = "$(TARGET_NAME)";
				SWIFT_EMIT_LOC_STRINGS = YES;
				SWIFT_VERSION = 5.0;
				TARGETED_DEVICE_FAMILY = "1,2";
			};
			name = Release;
		};
		900520532A1D948900591AAF /* Debug */ = {
			isa = XCBuildConfiguration;
			buildSettings = {
				ALWAYS_EMBED_SWIFT_STANDARD_LIBRARIES = YES;
				BUNDLE_LOADER = "$(TEST_HOST)";
				CODE_SIGN_STYLE = Automatic;
				CURRENT_PROJECT_VERSION = 1;
				DEVELOPMENT_TEAM = PXTD6TNRX2;
				GENERATE_INFOPLIST_FILE = YES;
				IPHONEOS_DEPLOYMENT_TARGET = 16.4;
				MARKETING_VERSION = 1.0;
				PRODUCT_BUNDLE_IDENTIFIER = BlueBerry.LearningTests;
				PRODUCT_NAME = "$(TARGET_NAME)";
				SWIFT_EMIT_LOC_STRINGS = NO;
				SWIFT_VERSION = 5.0;
				TARGETED_DEVICE_FAMILY = "1,2";
				TEST_HOST = "$(BUILT_PRODUCTS_DIR)/Learning.app/$(BUNDLE_EXECUTABLE_FOLDER_PATH)/Learning";
			};
			name = Debug;
		};
		900520542A1D948900591AAF /* Release */ = {
			isa = XCBuildConfiguration;
			buildSettings = {
				ALWAYS_EMBED_SWIFT_STANDARD_LIBRARIES = YES;
				BUNDLE_LOADER = "$(TEST_HOST)";
				CODE_SIGN_STYLE = Automatic;
				CURRENT_PROJECT_VERSION = 1;
				DEVELOPMENT_TEAM = PXTD6TNRX2;
				GENERATE_INFOPLIST_FILE = YES;
				IPHONEOS_DEPLOYMENT_TARGET = 16.4;
				MARKETING_VERSION = 1.0;
				PRODUCT_BUNDLE_IDENTIFIER = BlueBerry.LearningTests;
				PRODUCT_NAME = "$(TARGET_NAME)";
				SWIFT_EMIT_LOC_STRINGS = NO;
				SWIFT_VERSION = 5.0;
				TARGETED_DEVICE_FAMILY = "1,2";
				TEST_HOST = "$(BUILT_PRODUCTS_DIR)/Learning.app/$(BUNDLE_EXECUTABLE_FOLDER_PATH)/Learning";
			};
			name = Release;
		};
		900520562A1D948900591AAF /* Debug */ = {
			isa = XCBuildConfiguration;
			buildSettings = {
				ALWAYS_EMBED_SWIFT_STANDARD_LIBRARIES = YES;
				CODE_SIGN_STYLE = Automatic;
				CURRENT_PROJECT_VERSION = 1;
				DEVELOPMENT_TEAM = PXTD6TNRX2;
				GENERATE_INFOPLIST_FILE = YES;
				MARKETING_VERSION = 1.0;
				PRODUCT_BUNDLE_IDENTIFIER = BlueBerry.LearningUITests;
				PRODUCT_NAME = "$(TARGET_NAME)";
				SWIFT_EMIT_LOC_STRINGS = NO;
				SWIFT_VERSION = 5.0;
				TARGETED_DEVICE_FAMILY = "1,2";
				TEST_TARGET_NAME = Learning;
			};
			name = Debug;
		};
		900520572A1D948900591AAF /* Release */ = {
			isa = XCBuildConfiguration;
			buildSettings = {
				ALWAYS_EMBED_SWIFT_STANDARD_LIBRARIES = YES;
				CODE_SIGN_STYLE = Automatic;
				CURRENT_PROJECT_VERSION = 1;
				DEVELOPMENT_TEAM = PXTD6TNRX2;
				GENERATE_INFOPLIST_FILE = YES;
				MARKETING_VERSION = 1.0;
				PRODUCT_BUNDLE_IDENTIFIER = BlueBerry.LearningUITests;
				PRODUCT_NAME = "$(TARGET_NAME)";
				SWIFT_EMIT_LOC_STRINGS = NO;
				SWIFT_VERSION = 5.0;
				TARGETED_DEVICE_FAMILY = "1,2";
				TEST_TARGET_NAME = Learning;
			};
			name = Release;
		};
/* End XCBuildConfiguration section */

/* Begin XCConfigurationList section */
		900520202A1D948400591AAF /* Build configuration list for PBXProject "Learning" */ = {
			isa = XCConfigurationList;
			buildConfigurations = (
				9005204D2A1D948900591AAF /* Debug */,
				9005204E2A1D948900591AAF /* Release */,
			);
			defaultConfigurationIsVisible = 0;
			defaultConfigurationName = Release;
		};
		9005204F2A1D948900591AAF /* Build configuration list for PBXNativeTarget "Learning" */ = {
			isa = XCConfigurationList;
			buildConfigurations = (
				900520502A1D948900591AAF /* Debug */,
				900520512A1D948900591AAF /* Release */,
			);
			defaultConfigurationIsVisible = 0;
			defaultConfigurationName = Release;
		};
		900520522A1D948900591AAF /* Build configuration list for PBXNativeTarget "LearningTests" */ = {
			isa = XCConfigurationList;
			buildConfigurations = (
				900520532A1D948900591AAF /* Debug */,
				900520542A1D948900591AAF /* Release */,
			);
			defaultConfigurationIsVisible = 0;
			defaultConfigurationName = Release;
		};
		900520552A1D948900591AAF /* Build configuration list for PBXNativeTarget "LearningUITests" */ = {
			isa = XCConfigurationList;
			buildConfigurations = (
				900520562A1D948900591AAF /* Debug */,
				900520572A1D948900591AAF /* Release */,
			);
			defaultConfigurationIsVisible = 0;
			defaultConfigurationName = Release;
		};
/* End XCConfigurationList section */

/* Begin XCRemoteSwiftPackageReference section */
		904FCDAD2A4BCDFF00B498EE /* XCRemoteSwiftPackageReference "ObjectMapper" */ = {
			isa = XCRemoteSwiftPackageReference;
			repositoryURL = "https://github.com/tristanhimmelman/ObjectMapper.git";
			requirement = {
				kind = upToNextMajorVersion;
				minimumVersion = 4.0.0;
			};
		};
		90F8D9762A427EA800F698C4 /* XCRemoteSwiftPackageReference "firebase-ios-sdk" */ = {
			isa = XCRemoteSwiftPackageReference;
			repositoryURL = "https://github.com/firebase/firebase-ios-sdk";
			requirement = {
				kind = upToNextMajorVersion;
				minimumVersion = 10.0.0;
			};
		};
/* End XCRemoteSwiftPackageReference section */

/* Begin XCSwiftPackageProductDependency section */
		904FCDAE2A4BCDFF00B498EE /* ObjectMapper */ = {
			isa = XCSwiftPackageProductDependency;
			package = 904FCDAD2A4BCDFF00B498EE /* XCRemoteSwiftPackageReference "ObjectMapper" */;
			productName = ObjectMapper;
		};
		904FCDB32A4BCE7200B498EE /* FirebaseFirestore */ = {
			isa = XCSwiftPackageProductDependency;
			package = 90F8D9762A427EA800F698C4 /* XCRemoteSwiftPackageReference "firebase-ios-sdk" */;
			productName = FirebaseFirestore;
		};
		904FCDB52A4BCE8500B498EE /* FirebaseAuth */ = {
			isa = XCSwiftPackageProductDependency;
			package = 90F8D9762A427EA800F698C4 /* XCRemoteSwiftPackageReference "firebase-ios-sdk" */;
			productName = FirebaseAuth;
		};
		904FCDB72A4BCE9500B498EE /* FirebaseDatabaseSwift */ = {
			isa = XCSwiftPackageProductDependency;
			package = 90F8D9762A427EA800F698C4 /* XCRemoteSwiftPackageReference "firebase-ios-sdk" */;
			productName = FirebaseDatabaseSwift;
		};
/* End XCSwiftPackageProductDependency section */
	};
	rootObject = 9005201D2A1D948300591AAF /* Project object */;
}
